
Microsoft Visual Studio Solution File, Format Version 12.00
# Visual Studio Version 17
VisualStudioVersion = 17.9.34622.214
MinimumVisualStudioVersion = 10.0.40219.1
Project("{FAE04EC0-301F-11D3-BF4B-00C04F79EFBC}") = "KubDotNetDemo", "KubDotNetDemo\KubDotNetDemo.csproj", "{0D2C9BF7-E9B9-4AC4-9621-626AA8925A67}"
EndProject
Global
	GlobalSection(SolutionConfigurationPlatforms) = preSolution
		Debug|Any CPU = Debug|Any CPU
		Release|Any CPU = Release|Any CPU
	EndGlobalSection
	GlobalSection(ProjectConfigurationPlatforms) = postSolution
		{0D2C9BF7-E9B9-4AC4-9621-626AA8925A67}.Debug|Any CPU.ActiveCfg = Debug|Any CPU
		{0D2C9BF7-E9B9-4AC4-9621-626AA8925A67}.Debug|Any CPU.Build.0 = Debug|Any CPU
		{0D2C9BF7-E9B9-4AC4-9621-626AA8925A67}.Release|Any CPU.ActiveCfg = Release|Any CPU
		{0D2C9BF7-E9B9-4AC4-9621-626AA8925A67}.Release|Any CPU.Build.0 = Release|Any CPU
	EndGlobalSection
	GlobalSection(SolutionProperties) = preSolution
		HideSolutionNode = FALSE
	EndGlobalSection
	GlobalSection(ExtensibilityGlobals) = postSolution
		SolutionGuid = {E42367FF-DF42-4FB9-9FA7-057C89247EE6}
	EndGlobalSection
EndGlobal
